// !$*UTF8*$!
{
	archiveVersion = 1;
	classes = {
	};
	objectVersion = 51;
	objects = {

/* Begin PBXBuildFile section */
		14F604B80400BC21603CA395 /* Pods_Reciplease.framework in Frameworks */ = {isa = PBXBuildFile; fileRef = 8D50750AC0B1F2AE6E5C6EED /* Pods_Reciplease.framework */; };
		2C402B5B241EC09E001D7F1F /* SearchViewModelTests.swift in Sources */ = {isa = PBXBuildFile; fileRef = 2C402B5A241EC09E001D7F1F /* SearchViewModelTests.swift */; };
		2C402B5D241EC23A001D7F1F /* FavoriteViewModelTests.swift in Sources */ = {isa = PBXBuildFile; fileRef = 2C402B5C241EC23A001D7F1F /* FavoriteViewModelTests.swift */; };
		2C402B5F241EC2A4001D7F1F /* RecipeListViewModelTests.swift in Sources */ = {isa = PBXBuildFile; fileRef = 2C402B5E241EC2A4001D7F1F /* RecipeListViewModelTests.swift */; };
		2C402B61241EEDD3001D7F1F /* RecipesHits.json in Resources */ = {isa = PBXBuildFile; fileRef = 2C402B60241EEDD3001D7F1F /* RecipesHits.json */; };
		2C402B63241EEE41001D7F1F /* FakeResponseData.swift in Sources */ = {isa = PBXBuildFile; fileRef = 2C402B62241EEE41001D7F1F /* FakeResponseData.swift */; };
		2C402B65241EFDBE001D7F1F /* SessionFake.swift in Sources */ = {isa = PBXBuildFile; fileRef = 2C402B64241EFDBE001D7F1F /* SessionFake.swift */; };
		2C402B67241F08DA001D7F1F /* RecipleaseSession.swift in Sources */ = {isa = PBXBuildFile; fileRef = 2C402B66241F08DA001D7F1F /* RecipleaseSession.swift */; };
		2C4BFADB2401F867001609E1 /* ImageView.swift in Sources */ = {isa = PBXBuildFile; fileRef = 2C4BFADA2401F867001609E1 /* ImageView.swift */; };
		2C4D1EFA241001D6006A9753 /* UITableView+.swift in Sources */ = {isa = PBXBuildFile; fileRef = 2C4D1EF9241001D6006A9753 /* UITableView+.swift */; };
		2C4D1EFC2410025B006A9753 /* FavoriteViewModel.swift in Sources */ = {isa = PBXBuildFile; fileRef = 2C4D1EFB2410025B006A9753 /* FavoriteViewModel.swift */; };
		2C4D1EFE2410121F006A9753 /* RecipeDetailsViewModel.swift in Sources */ = {isa = PBXBuildFile; fileRef = 2C4D1EFD2410121F006A9753 /* RecipeDetailsViewModel.swift */; };
		2C515BA2241BDA8900F0F901 /* SearchButtonView.swift in Sources */ = {isa = PBXBuildFile; fileRef = 2C515BA1241BDA8900F0F901 /* SearchButtonView.swift */; };
		2C51BD292400446C006B9463 /* RecipeDetailsViewController.swift in Sources */ = {isa = PBXBuildFile; fileRef = 2C51BD282400446C006B9463 /* RecipeDetailsViewController.swift */; };
		2C51BD2E24004994006B9463 /* FavoritesTableViewController.swift in Sources */ = {isa = PBXBuildFile; fileRef = 2C51BD2D24004994006B9463 /* FavoritesTableViewController.swift */; };
		2C5D8266240E95F500AF697D /* MainTabBarController.swift in Sources */ = {isa = PBXBuildFile; fileRef = 2C5D8265240E95F500AF697D /* MainTabBarController.swift */; };
		2C5D8268240E963C00AF697D /* Storyboarded.swift in Sources */ = {isa = PBXBuildFile; fileRef = 2C5D8267240E963C00AF697D /* Storyboarded.swift */; };
		2C5D826E240E994300AF697D /* SearchCoordinator.swift in Sources */ = {isa = PBXBuildFile; fileRef = 2C5D826D240E994300AF697D /* SearchCoordinator.swift */; };
		2C5D8270240E9E5700AF697D /* FavoritesCoordinator.swift in Sources */ = {isa = PBXBuildFile; fileRef = 2C5D826F240E9E5700AF697D /* FavoritesCoordinator.swift */; };
		2C61BB852406883C00E42F03 /* RecipleaseClient.swift in Sources */ = {isa = PBXBuildFile; fileRef = 2C61BB842406883C00E42F03 /* RecipleaseClient.swift */; };
		2C61BB8824068A2B00E42F03 /* RecipeData.swift in Sources */ = {isa = PBXBuildFile; fileRef = 2C61BB8724068A2B00E42F03 /* RecipeData.swift */; };
		2C61BB8E2406B25400E42F03 /* NetWorkError.swift in Sources */ = {isa = PBXBuildFile; fileRef = 2C61BB8D2406B25400E42F03 /* NetWorkError.swift */; };
		2C61BB902406C32600E42F03 /* SearchViewModel.swift in Sources */ = {isa = PBXBuildFile; fileRef = 2C61BB8F2406C32600E42F03 /* SearchViewModel.swift */; };
		2C90D34C2405856000B69BF4 /* FavoriteCell.swift in Sources */ = {isa = PBXBuildFile; fileRef = 2C90D34B2405856000B69BF4 /* FavoriteCell.swift */; };
		2C90D34E2405E1C200B69BF4 /* TitleCell.swift in Sources */ = {isa = PBXBuildFile; fileRef = 2C90D34D2405E1C200B69BF4 /* TitleCell.swift */; };
		2C95D78B24204E3E00102EB7 /* CoreDataStack.swift in Sources */ = {isa = PBXBuildFile; fileRef = 2C95D78A24204E3E00102EB7 /* CoreDataStack.swift */; };
		2C95D78D242053D000102EB7 /* CoreDataManager.swift in Sources */ = {isa = PBXBuildFile; fileRef = 2C95D78C242053D000102EB7 /* CoreDataManager.swift */; };
		2C95D78F2420559700102EB7 /* MockCoreDataStack.swift in Sources */ = {isa = PBXBuildFile; fileRef = 2C95D78E2420559700102EB7 /* MockCoreDataStack.swift */; };
		2C9B34722400887E00348158 /* ShadowCardView.swift in Sources */ = {isa = PBXBuildFile; fileRef = 2C9B34712400887E00348158 /* ShadowCardView.swift */; };
		2C9B3476240090A900348158 /* UIView+.swift in Sources */ = {isa = PBXBuildFile; fileRef = 2C9B3475240090A900348158 /* UIView+.swift */; };
		2C9B347A2400998C00348158 /* ButtonView.swift in Sources */ = {isa = PBXBuildFile; fileRef = 2C9B34792400998C00348158 /* ButtonView.swift */; };
		2CA5B2E6240D37DB006362E4 /* RecipeListViewModel.swift in Sources */ = {isa = PBXBuildFile; fileRef = 2CA5B2E5240D37DB006362E4 /* RecipeListViewModel.swift */; };
		2CC6D21D24088111007E7C5B /* UIViewController+.swift in Sources */ = {isa = PBXBuildFile; fileRef = 2CC6D21C24088111007E7C5B /* UIViewController+.swift */; };
		2CCBF47324128FAF0091535E /* SelectedRecipe.swift in Sources */ = {isa = PBXBuildFile; fileRef = 2CCBF47224128FAF0091535E /* SelectedRecipe.swift */; };
		2CCD3E3623F5E0FB00D41BC3 /* AppDelegate.swift in Sources */ = {isa = PBXBuildFile; fileRef = 2CCD3E3523F5E0FB00D41BC3 /* AppDelegate.swift */; };
		2CCD3E3C23F5E0FB00D41BC3 /* RecipeListTableViewController.swift in Sources */ = {isa = PBXBuildFile; fileRef = 2CCD3E3B23F5E0FB00D41BC3 /* RecipeListTableViewController.swift */; };
		2CCD3E3F23F5E0FB00D41BC3 /* Main.storyboard in Resources */ = {isa = PBXBuildFile; fileRef = 2CCD3E3D23F5E0FB00D41BC3 /* Main.storyboard */; };
		2CCD3E4223F5E0FB00D41BC3 /* Reciplease.xcdatamodeld in Sources */ = {isa = PBXBuildFile; fileRef = 2CCD3E4023F5E0FB00D41BC3 /* Reciplease.xcdatamodeld */; };
		2CCD3E4423F5E0FD00D41BC3 /* Assets.xcassets in Resources */ = {isa = PBXBuildFile; fileRef = 2CCD3E4323F5E0FD00D41BC3 /* Assets.xcassets */; };
		2CCD3E4723F5E0FD00D41BC3 /* LaunchScreen.storyboard in Resources */ = {isa = PBXBuildFile; fileRef = 2CCD3E4523F5E0FD00D41BC3 /* LaunchScreen.storyboard */; };
		2CCD3E5223F5E0FD00D41BC3 /* RecipeDetailsViewModelTests.swift in Sources */ = {isa = PBXBuildFile; fileRef = 2CCD3E5123F5E0FD00D41BC3 /* RecipeDetailsViewModelTests.swift */; };
		2CCF837924095DAA009E3C34 /* String+.swift in Sources */ = {isa = PBXBuildFile; fileRef = 2CCF837824095DAA009E3C34 /* String+.swift */; };
		2CF394282407ECA80046ED54 /* IngredientCell.swift in Sources */ = {isa = PBXBuildFile; fileRef = 2CF394272407ECA80046ED54 /* IngredientCell.swift */; };
		2CF3942C2407F4FB0046ED54 /* RecipeListCell.swift in Sources */ = {isa = PBXBuildFile; fileRef = 2CF3942B2407F4FB0046ED54 /* RecipeListCell.swift */; };
		2CF3942F2407F7890046ED54 /* RecipePTKCell.swift in Sources */ = {isa = PBXBuildFile; fileRef = 2CF3942E2407F7890046ED54 /* RecipePTKCell.swift */; };
		2CF394312407F85C0046ED54 /* IngredientsListCell.swift in Sources */ = {isa = PBXBuildFile; fileRef = 2CF394302407F85C0046ED54 /* IngredientsListCell.swift */; };
		2CF4BCA824006F46003A599A /* SearchViewController.swift in Sources */ = {isa = PBXBuildFile; fileRef = 2CF4BCA724006F46003A599A /* SearchViewController.swift */; };
		D0D4D90901C04FC91543D589 /* Pods_RecipleaseTests.framework in Frameworks */ = {isa = PBXBuildFile; fileRef = CD9DDEE0E8D7F00093B1BE3E /* Pods_RecipleaseTests.framework */; };
/* End PBXBuildFile section */

/* Begin PBXContainerItemProxy section */
		2CCD3E4E23F5E0FD00D41BC3 /* PBXContainerItemProxy */ = {
			isa = PBXContainerItemProxy;
			containerPortal = 2CCD3E2A23F5E0FB00D41BC3 /* Project object */;
			proxyType = 1;
			remoteGlobalIDString = 2CCD3E3123F5E0FB00D41BC3;
			remoteInfo = Reciplease;
		};
/* End PBXContainerItemProxy section */

/* Begin PBXFileReference section */
		2C402B5A241EC09E001D7F1F /* SearchViewModelTests.swift */ = {isa = PBXFileReference; lastKnownFileType = sourcecode.swift; path = SearchViewModelTests.swift; sourceTree = "<group>"; };
		2C402B5C241EC23A001D7F1F /* FavoriteViewModelTests.swift */ = {isa = PBXFileReference; lastKnownFileType = sourcecode.swift; path = FavoriteViewModelTests.swift; sourceTree = "<group>"; };
		2C402B5E241EC2A4001D7F1F /* RecipeListViewModelTests.swift */ = {isa = PBXFileReference; lastKnownFileType = sourcecode.swift; path = RecipeListViewModelTests.swift; sourceTree = "<group>"; };
		2C402B60241EEDD3001D7F1F /* RecipesHits.json */ = {isa = PBXFileReference; fileEncoding = 4; lastKnownFileType = text.json; path = RecipesHits.json; sourceTree = "<group>"; };
		2C402B62241EEE41001D7F1F /* FakeResponseData.swift */ = {isa = PBXFileReference; lastKnownFileType = sourcecode.swift; path = FakeResponseData.swift; sourceTree = "<group>"; };
		2C402B64241EFDBE001D7F1F /* SessionFake.swift */ = {isa = PBXFileReference; fileEncoding = 4; lastKnownFileType = sourcecode.swift; path = SessionFake.swift; sourceTree = "<group>"; };
		2C402B66241F08DA001D7F1F /* RecipleaseSession.swift */ = {isa = PBXFileReference; lastKnownFileType = sourcecode.swift; path = RecipleaseSession.swift; sourceTree = "<group>"; };
		2C4BFADA2401F867001609E1 /* ImageView.swift */ = {isa = PBXFileReference; lastKnownFileType = sourcecode.swift; path = ImageView.swift; sourceTree = "<group>"; };
		2C4D1EF9241001D6006A9753 /* UITableView+.swift */ = {isa = PBXFileReference; lastKnownFileType = sourcecode.swift; path = "UITableView+.swift"; sourceTree = "<group>"; };
		2C4D1EFB2410025B006A9753 /* FavoriteViewModel.swift */ = {isa = PBXFileReference; lastKnownFileType = sourcecode.swift; path = FavoriteViewModel.swift; sourceTree = "<group>"; };
		2C4D1EFD2410121F006A9753 /* RecipeDetailsViewModel.swift */ = {isa = PBXFileReference; lastKnownFileType = sourcecode.swift; path = RecipeDetailsViewModel.swift; sourceTree = "<group>"; };
		2C515BA1241BDA8900F0F901 /* SearchButtonView.swift */ = {isa = PBXFileReference; lastKnownFileType = sourcecode.swift; path = SearchButtonView.swift; sourceTree = "<group>"; };
		2C51BD282400446C006B9463 /* RecipeDetailsViewController.swift */ = {isa = PBXFileReference; lastKnownFileType = sourcecode.swift; path = RecipeDetailsViewController.swift; sourceTree = "<group>"; };
		2C51BD2D24004994006B9463 /* FavoritesTableViewController.swift */ = {isa = PBXFileReference; lastKnownFileType = sourcecode.swift; path = FavoritesTableViewController.swift; sourceTree = "<group>"; };
		2C5D8265240E95F500AF697D /* MainTabBarController.swift */ = {isa = PBXFileReference; fileEncoding = 4; lastKnownFileType = sourcecode.swift; path = MainTabBarController.swift; sourceTree = "<group>"; };
		2C5D8267240E963C00AF697D /* Storyboarded.swift */ = {isa = PBXFileReference; fileEncoding = 4; lastKnownFileType = sourcecode.swift; path = Storyboarded.swift; sourceTree = "<group>"; };
		2C5D826D240E994300AF697D /* SearchCoordinator.swift */ = {isa = PBXFileReference; fileEncoding = 4; lastKnownFileType = sourcecode.swift; path = SearchCoordinator.swift; sourceTree = "<group>"; };
		2C5D826F240E9E5700AF697D /* FavoritesCoordinator.swift */ = {isa = PBXFileReference; fileEncoding = 4; lastKnownFileType = sourcecode.swift; path = FavoritesCoordinator.swift; sourceTree = "<group>"; };
		2C61BB842406883C00E42F03 /* RecipleaseClient.swift */ = {isa = PBXFileReference; fileEncoding = 4; lastKnownFileType = sourcecode.swift; path = RecipleaseClient.swift; sourceTree = "<group>"; };
		2C61BB8724068A2B00E42F03 /* RecipeData.swift */ = {isa = PBXFileReference; lastKnownFileType = sourcecode.swift; path = RecipeData.swift; sourceTree = "<group>"; };
		2C61BB8D2406B25400E42F03 /* NetWorkError.swift */ = {isa = PBXFileReference; fileEncoding = 4; lastKnownFileType = sourcecode.swift; path = NetWorkError.swift; sourceTree = "<group>"; };
		2C61BB8F2406C32600E42F03 /* SearchViewModel.swift */ = {isa = PBXFileReference; lastKnownFileType = sourcecode.swift; path = SearchViewModel.swift; sourceTree = "<group>"; };
		2C90D34B2405856000B69BF4 /* FavoriteCell.swift */ = {isa = PBXFileReference; lastKnownFileType = sourcecode.swift; path = FavoriteCell.swift; sourceTree = "<group>"; };
		2C90D34D2405E1C200B69BF4 /* TitleCell.swift */ = {isa = PBXFileReference; lastKnownFileType = sourcecode.swift; path = TitleCell.swift; sourceTree = "<group>"; };
		2C95D78A24204E3E00102EB7 /* CoreDataStack.swift */ = {isa = PBXFileReference; fileEncoding = 4; lastKnownFileType = sourcecode.swift; path = CoreDataStack.swift; sourceTree = "<group>"; };
		2C95D78C242053D000102EB7 /* CoreDataManager.swift */ = {isa = PBXFileReference; fileEncoding = 4; lastKnownFileType = sourcecode.swift; path = CoreDataManager.swift; sourceTree = "<group>"; };
		2C95D78E2420559700102EB7 /* MockCoreDataStack.swift */ = {isa = PBXFileReference; fileEncoding = 4; lastKnownFileType = sourcecode.swift; path = MockCoreDataStack.swift; sourceTree = "<group>"; };
		2C9B34712400887E00348158 /* ShadowCardView.swift */ = {isa = PBXFileReference; fileEncoding = 4; lastKnownFileType = sourcecode.swift; path = ShadowCardView.swift; sourceTree = "<group>"; };
		2C9B3475240090A900348158 /* UIView+.swift */ = {isa = PBXFileReference; lastKnownFileType = sourcecode.swift; path = "UIView+.swift"; sourceTree = "<group>"; };
		2C9B34792400998C00348158 /* ButtonView.swift */ = {isa = PBXFileReference; lastKnownFileType = sourcecode.swift; path = ButtonView.swift; sourceTree = "<group>"; };
		2CA5B2E5240D37DB006362E4 /* RecipeListViewModel.swift */ = {isa = PBXFileReference; lastKnownFileType = sourcecode.swift; path = RecipeListViewModel.swift; sourceTree = "<group>"; };
		2CC6D21C24088111007E7C5B /* UIViewController+.swift */ = {isa = PBXFileReference; fileEncoding = 4; lastKnownFileType = sourcecode.swift; path = "UIViewController+.swift"; sourceTree = "<group>"; };
		2CCBF47224128FAF0091535E /* SelectedRecipe.swift */ = {isa = PBXFileReference; lastKnownFileType = sourcecode.swift; path = SelectedRecipe.swift; sourceTree = "<group>"; };
		2CCD3E3223F5E0FB00D41BC3 /* Reciplease.app */ = {isa = PBXFileReference; explicitFileType = wrapper.application; includeInIndex = 0; path = Reciplease.app; sourceTree = BUILT_PRODUCTS_DIR; };
		2CCD3E3523F5E0FB00D41BC3 /* AppDelegate.swift */ = {isa = PBXFileReference; lastKnownFileType = sourcecode.swift; path = AppDelegate.swift; sourceTree = "<group>"; };
		2CCD3E3B23F5E0FB00D41BC3 /* RecipeListTableViewController.swift */ = {isa = PBXFileReference; lastKnownFileType = sourcecode.swift; path = RecipeListTableViewController.swift; sourceTree = "<group>"; };
		2CCD3E3E23F5E0FB00D41BC3 /* Base */ = {isa = PBXFileReference; lastKnownFileType = file.storyboard; name = Base; path = Base.lproj/Main.storyboard; sourceTree = "<group>"; };
		2CCD3E4123F5E0FB00D41BC3 /* Reciplease.xcdatamodel */ = {isa = PBXFileReference; lastKnownFileType = wrapper.xcdatamodel; path = Reciplease.xcdatamodel; sourceTree = "<group>"; };
		2CCD3E4323F5E0FD00D41BC3 /* Assets.xcassets */ = {isa = PBXFileReference; lastKnownFileType = folder.assetcatalog; path = Assets.xcassets; sourceTree = "<group>"; };
		2CCD3E4623F5E0FD00D41BC3 /* Base */ = {isa = PBXFileReference; lastKnownFileType = file.storyboard; name = Base; path = Base.lproj/LaunchScreen.storyboard; sourceTree = "<group>"; };
		2CCD3E4823F5E0FD00D41BC3 /* Info.plist */ = {isa = PBXFileReference; lastKnownFileType = text.plist.xml; path = Info.plist; sourceTree = "<group>"; };
		2CCD3E4D23F5E0FD00D41BC3 /* RecipleaseTests.xctest */ = {isa = PBXFileReference; explicitFileType = wrapper.cfbundle; includeInIndex = 0; path = RecipleaseTests.xctest; sourceTree = BUILT_PRODUCTS_DIR; };
		2CCD3E5123F5E0FD00D41BC3 /* RecipeDetailsViewModelTests.swift */ = {isa = PBXFileReference; lastKnownFileType = sourcecode.swift; path = RecipeDetailsViewModelTests.swift; sourceTree = "<group>"; };
		2CCD3E5323F5E0FD00D41BC3 /* Info.plist */ = {isa = PBXFileReference; lastKnownFileType = text.plist.xml; path = Info.plist; sourceTree = "<group>"; };
		2CCF837824095DAA009E3C34 /* String+.swift */ = {isa = PBXFileReference; lastKnownFileType = sourcecode.swift; path = "String+.swift"; sourceTree = "<group>"; };
		2CF394272407ECA80046ED54 /* IngredientCell.swift */ = {isa = PBXFileReference; lastKnownFileType = sourcecode.swift; path = IngredientCell.swift; sourceTree = "<group>"; };
		2CF3942B2407F4FB0046ED54 /* RecipeListCell.swift */ = {isa = PBXFileReference; lastKnownFileType = sourcecode.swift; path = RecipeListCell.swift; sourceTree = "<group>"; };
		2CF3942E2407F7890046ED54 /* RecipePTKCell.swift */ = {isa = PBXFileReference; lastKnownFileType = sourcecode.swift; path = RecipePTKCell.swift; sourceTree = "<group>"; };
		2CF394302407F85C0046ED54 /* IngredientsListCell.swift */ = {isa = PBXFileReference; lastKnownFileType = sourcecode.swift; path = IngredientsListCell.swift; sourceTree = "<group>"; };
		2CF4BCA724006F46003A599A /* SearchViewController.swift */ = {isa = PBXFileReference; lastKnownFileType = sourcecode.swift; path = SearchViewController.swift; sourceTree = "<group>"; };
		8D50750AC0B1F2AE6E5C6EED /* Pods_Reciplease.framework */ = {isa = PBXFileReference; explicitFileType = wrapper.framework; includeInIndex = 0; path = Pods_Reciplease.framework; sourceTree = BUILT_PRODUCTS_DIR; };
		A62162AEE057B162B2E59270 /* Pods-RecipleaseTests.release.xcconfig */ = {isa = PBXFileReference; includeInIndex = 1; lastKnownFileType = text.xcconfig; name = "Pods-RecipleaseTests.release.xcconfig"; path = "Target Support Files/Pods-RecipleaseTests/Pods-RecipleaseTests.release.xcconfig"; sourceTree = "<group>"; };
		B8504E4713497617CA1AC72E /* Pods-Reciplease.debug.xcconfig */ = {isa = PBXFileReference; includeInIndex = 1; lastKnownFileType = text.xcconfig; name = "Pods-Reciplease.debug.xcconfig"; path = "Target Support Files/Pods-Reciplease/Pods-Reciplease.debug.xcconfig"; sourceTree = "<group>"; };
		CD9DDEE0E8D7F00093B1BE3E /* Pods_RecipleaseTests.framework */ = {isa = PBXFileReference; explicitFileType = wrapper.framework; includeInIndex = 0; path = Pods_RecipleaseTests.framework; sourceTree = BUILT_PRODUCTS_DIR; };
		DF3A6346C032470069BAC740 /* Pods-RecipleaseTests.debug.xcconfig */ = {isa = PBXFileReference; includeInIndex = 1; lastKnownFileType = text.xcconfig; name = "Pods-RecipleaseTests.debug.xcconfig"; path = "Target Support Files/Pods-RecipleaseTests/Pods-RecipleaseTests.debug.xcconfig"; sourceTree = "<group>"; };
		E47712AC528C9D35BA747268 /* Pods-Reciplease.release.xcconfig */ = {isa = PBXFileReference; includeInIndex = 1; lastKnownFileType = text.xcconfig; name = "Pods-Reciplease.release.xcconfig"; path = "Target Support Files/Pods-Reciplease/Pods-Reciplease.release.xcconfig"; sourceTree = "<group>"; };
/* End PBXFileReference section */

/* Begin PBXFrameworksBuildPhase section */
		2CCD3E2F23F5E0FB00D41BC3 /* Frameworks */ = {
			isa = PBXFrameworksBuildPhase;
			buildActionMask = 2147483647;
			files = (
				14F604B80400BC21603CA395 /* Pods_Reciplease.framework in Frameworks */,
			);
			runOnlyForDeploymentPostprocessing = 0;
		};
		2CCD3E4A23F5E0FD00D41BC3 /* Frameworks */ = {
			isa = PBXFrameworksBuildPhase;
			buildActionMask = 2147483647;
			files = (
				D0D4D90901C04FC91543D589 /* Pods_RecipleaseTests.framework in Frameworks */,
			);
			runOnlyForDeploymentPostprocessing = 0;
		};
/* End PBXFrameworksBuildPhase section */

/* Begin PBXGroup section */
		2C1AD09A2407240400E86E03 /* CoreData */ = {
			isa = PBXGroup;
			children = (
				2CCD3E4023F5E0FB00D41BC3 /* Reciplease.xcdatamodeld */,
				2C95D78A24204E3E00102EB7 /* CoreDataStack.swift */,
				2C95D78C242053D000102EB7 /* CoreDataManager.swift */,
			);
			path = CoreData;
			sourceTree = "<group>";
		};
		2C4BFAD92401F843001609E1 /* Extension */ = {
			isa = PBXGroup;
			children = (
				2CC6D21C24088111007E7C5B /* UIViewController+.swift */,
				2C9B3475240090A900348158 /* UIView+.swift */,
				2CCF837824095DAA009E3C34 /* String+.swift */,
				2C4D1EF9241001D6006A9753 /* UITableView+.swift */,
			);
			path = Extension;
			sourceTree = "<group>";
		};
		2C51BD2A2400488D006B9463 /* Favorite */ = {
			isa = PBXGroup;
			children = (
				2C5D826F240E9E5700AF697D /* FavoritesCoordinator.swift */,
				2C51BD2D24004994006B9463 /* FavoritesTableViewController.swift */,
				2C4D1EFB2410025B006A9753 /* FavoriteViewModel.swift */,
				2CF394292407EE460046ED54 /* FavoriteCell */,
			);
			path = Favorite;
			sourceTree = "<group>";
		};
		2C5D8271240EA1EE00AF697D /* Protocols */ = {
			isa = PBXGroup;
			children = (
				2C5D8267240E963C00AF697D /* Storyboarded.swift */,
			);
			path = Protocols;
			sourceTree = "<group>";
		};
		2C61BB8624068A0500E42F03 /* RecipeData */ = {
			isa = PBXGroup;
			children = (
				2C61BB8724068A2B00E42F03 /* RecipeData.swift */,
			);
			path = RecipeData;
			sourceTree = "<group>";
		};
		2C61BB912406C33C00E42F03 /* SearchCell */ = {
			isa = PBXGroup;
			children = (
				2CF394272407ECA80046ED54 /* IngredientCell.swift */,
			);
			path = SearchCell;
			sourceTree = "<group>";
		};
		2C61BB922406C45300E42F03 /* TestsParameters */ = {
			isa = PBXGroup;
			children = (
				2C95D78E2420559700102EB7 /* MockCoreDataStack.swift */,
				2C402B62241EEE41001D7F1F /* FakeResponseData.swift */,
				2C402B64241EFDBE001D7F1F /* SessionFake.swift */,
				2C402B60241EEDD3001D7F1F /* RecipesHits.json */,
			);
			path = TestsParameters;
			sourceTree = "<group>";
		};
		2C892A9123FDF69800E786B2 /* Supporting Files */ = {
			isa = PBXGroup;
			children = (
				2CCD3E4523F5E0FD00D41BC3 /* LaunchScreen.storyboard */,
				2CCD3E3523F5E0FB00D41BC3 /* AppDelegate.swift */,
			);
			path = "Supporting Files";
			sourceTree = "<group>";
		};
		2C892A9223FDF6B900E786B2 /* Model */ = {
			isa = PBXGroup;
			children = (
				2C1AD09A2407240400E86E03 /* CoreData */,
				2C61BB8624068A0500E42F03 /* RecipeData */,
			);
			path = Model;
			sourceTree = "<group>";
		};
		2C892A9323FDF6DC00E786B2 /* Resources */ = {
			isa = PBXGroup;
			children = (
				2CCD3E4323F5E0FD00D41BC3 /* Assets.xcassets */,
			);
			path = Resources;
			sourceTree = "<group>";
		};
		2C892A9423FDF6F300E786B2 /* Helper */ = {
			isa = PBXGroup;
			children = (
				2C9B34712400887E00348158 /* ShadowCardView.swift */,
				2C9B34792400998C00348158 /* ButtonView.swift */,
				2C4BFADA2401F867001609E1 /* ImageView.swift */,
				2C515BA1241BDA8900F0F901 /* SearchButtonView.swift */,
			);
			path = Helper;
			sourceTree = "<group>";
		};
		2C892A9523FDF70400E786B2 /* Network */ = {
			isa = PBXGroup;
			children = (
				2C61BB8D2406B25400E42F03 /* NetWorkError.swift */,
				2C61BB842406883C00E42F03 /* RecipleaseClient.swift */,
				2C402B66241F08DA001D7F1F /* RecipleaseSession.swift */,
			);
			path = Network;
			sourceTree = "<group>";
		};
		2CCD3E2923F5E0FB00D41BC3 = {
			isa = PBXGroup;
			children = (
				2CCD3E3423F5E0FB00D41BC3 /* Reciplease */,
				2CCD3E5023F5E0FD00D41BC3 /* RecipleaseTests */,
				2CCD3E3323F5E0FB00D41BC3 /* Products */,
				D545005661092B095A772A85 /* Pods */,
				B5F827AEF100B4C7D1FB6F0C /* Frameworks */,
			);
			sourceTree = "<group>";
		};
		2CCD3E3323F5E0FB00D41BC3 /* Products */ = {
			isa = PBXGroup;
			children = (
				2CCD3E3223F5E0FB00D41BC3 /* Reciplease.app */,
				2CCD3E4D23F5E0FD00D41BC3 /* RecipleaseTests.xctest */,
			);
			name = Products;
			sourceTree = "<group>";
		};
		2CCD3E3423F5E0FB00D41BC3 /* Reciplease */ = {
			isa = PBXGroup;
			children = (
				2C5D8271240EA1EE00AF697D /* Protocols */,
				2C4BFAD92401F843001609E1 /* Extension */,
				2C892A9423FDF6F300E786B2 /* Helper */,
				2C892A9523FDF70400E786B2 /* Network */,
				2C892A9323FDF6DC00E786B2 /* Resources */,
				2C892A9223FDF6B900E786B2 /* Model */,
				2CCD3E5C23F5E20200D41BC3 /* Scene */,
				2C892A9123FDF69800E786B2 /* Supporting Files */,
				2CCD3E4823F5E0FD00D41BC3 /* Info.plist */,
			);
			path = Reciplease;
			sourceTree = "<group>";
		};
		2CCD3E5023F5E0FD00D41BC3 /* RecipleaseTests */ = {
			isa = PBXGroup;
			children = (
				2C61BB922406C45300E42F03 /* TestsParameters */,
				2C402B5A241EC09E001D7F1F /* SearchViewModelTests.swift */,
				2C402B5C241EC23A001D7F1F /* FavoriteViewModelTests.swift */,
				2C402B5E241EC2A4001D7F1F /* RecipeListViewModelTests.swift */,
				2CCD3E5123F5E0FD00D41BC3 /* RecipeDetailsViewModelTests.swift */,
				2CCD3E5323F5E0FD00D41BC3 /* Info.plist */,
			);
			path = RecipleaseTests;
			sourceTree = "<group>";
		};
		2CCD3E5C23F5E20200D41BC3 /* Scene */ = {
			isa = PBXGroup;
			children = (
				2CCBF47224128FAF0091535E /* SelectedRecipe.swift */,
				2CCD3E5F23F5E22D00D41BC3 /* Main */,
				2CCD3E5D23F5E21300D41BC3 /* Search */,
				2C51BD2A2400488D006B9463 /* Favorite */,
				2CCD3E6023F5E25A00D41BC3 /* RecipeList */,
				2CCD3E5E23F5E22100D41BC3 /* RecipeDetails */,
			);
			path = Scene;
			sourceTree = "<group>";
		};
		2CCD3E5D23F5E21300D41BC3 /* Search */ = {
			isa = PBXGroup;
			children = (
				2C5D826D240E994300AF697D /* SearchCoordinator.swift */,
				2CF4BCA724006F46003A599A /* SearchViewController.swift */,
				2C61BB8F2406C32600E42F03 /* SearchViewModel.swift */,
				2C61BB912406C33C00E42F03 /* SearchCell */,
			);
			path = Search;
			sourceTree = "<group>";
		};
		2CCD3E5E23F5E22100D41BC3 /* RecipeDetails */ = {
			isa = PBXGroup;
			children = (
				2C51BD282400446C006B9463 /* RecipeDetailsViewController.swift */,
				2C4D1EFD2410121F006A9753 /* RecipeDetailsViewModel.swift */,
				2CF3942D2407F6720046ED54 /* RecipeDetailsCell */,
			);
			path = RecipeDetails;
			sourceTree = "<group>";
		};
		2CCD3E5F23F5E22D00D41BC3 /* Main */ = {
			isa = PBXGroup;
			children = (
				2C5D8265240E95F500AF697D /* MainTabBarController.swift */,
				2CCD3E3D23F5E0FB00D41BC3 /* Main.storyboard */,
			);
			path = Main;
			sourceTree = "<group>";
		};
		2CCD3E6023F5E25A00D41BC3 /* RecipeList */ = {
			isa = PBXGroup;
			children = (
				2CCD3E3B23F5E0FB00D41BC3 /* RecipeListTableViewController.swift */,
				2CA5B2E5240D37DB006362E4 /* RecipeListViewModel.swift */,
				2CF3942A2407F4860046ED54 /* RecipeListCell */,
			);
			path = RecipeList;
			sourceTree = "<group>";
		};
		2CF394292407EE460046ED54 /* FavoriteCell */ = {
			isa = PBXGroup;
			children = (
				2C90D34B2405856000B69BF4 /* FavoriteCell.swift */,
			);
			path = FavoriteCell;
			sourceTree = "<group>";
		};
		2CF3942A2407F4860046ED54 /* RecipeListCell */ = {
			isa = PBXGroup;
			children = (
				2CF3942B2407F4FB0046ED54 /* RecipeListCell.swift */,
			);
			path = RecipeListCell;
			sourceTree = "<group>";
		};
		2CF3942D2407F6720046ED54 /* RecipeDetailsCell */ = {
			isa = PBXGroup;
			children = (
				2C90D34D2405E1C200B69BF4 /* TitleCell.swift */,
				2CF3942E2407F7890046ED54 /* RecipePTKCell.swift */,
				2CF394302407F85C0046ED54 /* IngredientsListCell.swift */,
			);
			path = RecipeDetailsCell;
			sourceTree = "<group>";
		};
		B5F827AEF100B4C7D1FB6F0C /* Frameworks */ = {
			isa = PBXGroup;
			children = (
				8D50750AC0B1F2AE6E5C6EED /* Pods_Reciplease.framework */,
				CD9DDEE0E8D7F00093B1BE3E /* Pods_RecipleaseTests.framework */,
			);
			name = Frameworks;
			sourceTree = "<group>";
		};
		D545005661092B095A772A85 /* Pods */ = {
			isa = PBXGroup;
			children = (
				B8504E4713497617CA1AC72E /* Pods-Reciplease.debug.xcconfig */,
				E47712AC528C9D35BA747268 /* Pods-Reciplease.release.xcconfig */,
				DF3A6346C032470069BAC740 /* Pods-RecipleaseTests.debug.xcconfig */,
				A62162AEE057B162B2E59270 /* Pods-RecipleaseTests.release.xcconfig */,
			);
			path = Pods;
			sourceTree = "<group>";
		};
/* End PBXGroup section */

/* Begin PBXNativeTarget section */
		2CCD3E3123F5E0FB00D41BC3 /* Reciplease */ = {
			isa = PBXNativeTarget;
			buildConfigurationList = 2CCD3E5623F5E0FD00D41BC3 /* Build configuration list for PBXNativeTarget "Reciplease" */;
			buildPhases = (
				8959356EA5473596FAFDDF98 /* [CP] Check Pods Manifest.lock */,
				2CCD3E2E23F5E0FB00D41BC3 /* Sources */,
				2CCD3E2F23F5E0FB00D41BC3 /* Frameworks */,
				2CCD3E3023F5E0FB00D41BC3 /* Resources */,
				2C892A9623FDFB0600E786B2 /* Swiftlint */,
				FF55B64DB2FC9CE43FE4727D /* [CP] Embed Pods Frameworks */,
			);
			buildRules = (
			);
			dependencies = (
			);
			name = Reciplease;
			productName = Reciplease;
			productReference = 2CCD3E3223F5E0FB00D41BC3 /* Reciplease.app */;
			productType = "com.apple.product-type.application";
		};
		2CCD3E4C23F5E0FD00D41BC3 /* RecipleaseTests */ = {
			isa = PBXNativeTarget;
			buildConfigurationList = 2CCD3E5923F5E0FD00D41BC3 /* Build configuration list for PBXNativeTarget "RecipleaseTests" */;
			buildPhases = (
				70BC0A20DCDC3661C0CD8944 /* [CP] Check Pods Manifest.lock */,
				2CCD3E4923F5E0FD00D41BC3 /* Sources */,
				2CCD3E4A23F5E0FD00D41BC3 /* Frameworks */,
				2CCD3E4B23F5E0FD00D41BC3 /* Resources */,
			);
			buildRules = (
			);
			dependencies = (
				2CCD3E4F23F5E0FD00D41BC3 /* PBXTargetDependency */,
			);
			name = RecipleaseTests;
			productName = RecipleaseTests;
			productReference = 2CCD3E4D23F5E0FD00D41BC3 /* RecipleaseTests.xctest */;
			productType = "com.apple.product-type.bundle.unit-test";
		};
/* End PBXNativeTarget section */

/* Begin PBXProject section */
		2CCD3E2A23F5E0FB00D41BC3 /* Project object */ = {
			isa = PBXProject;
			attributes = {
				LastSwiftUpdateCheck = 1130;
				LastUpgradeCheck = 1130;
				ORGANIZATIONNAME = "Fabrice Etiennette";
				TargetAttributes = {
					2CCD3E3123F5E0FB00D41BC3 = {
						CreatedOnToolsVersion = 11.3.1;
					};
					2CCD3E4C23F5E0FD00D41BC3 = {
						CreatedOnToolsVersion = 11.3.1;
						TestTargetID = 2CCD3E3123F5E0FB00D41BC3;
					};
				};
			};
			buildConfigurationList = 2CCD3E2D23F5E0FB00D41BC3 /* Build configuration list for PBXProject "Reciplease" */;
			compatibilityVersion = "Xcode 9.3";
			developmentRegion = en;
			hasScannedForEncodings = 0;
			knownRegions = (
				en,
				Base,
			);
			mainGroup = 2CCD3E2923F5E0FB00D41BC3;
			productRefGroup = 2CCD3E3323F5E0FB00D41BC3 /* Products */;
			projectDirPath = "";
			projectRoot = "";
			targets = (
				2CCD3E3123F5E0FB00D41BC3 /* Reciplease */,
				2CCD3E4C23F5E0FD00D41BC3 /* RecipleaseTests */,
			);
		};
/* End PBXProject section */

/* Begin PBXResourcesBuildPhase section */
		2CCD3E3023F5E0FB00D41BC3 /* Resources */ = {
			isa = PBXResourcesBuildPhase;
			buildActionMask = 2147483647;
			files = (
				2CCD3E4723F5E0FD00D41BC3 /* LaunchScreen.storyboard in Resources */,
				2CCD3E4423F5E0FD00D41BC3 /* Assets.xcassets in Resources */,
				2CCD3E3F23F5E0FB00D41BC3 /* Main.storyboard in Resources */,
			);
			runOnlyForDeploymentPostprocessing = 0;
		};
		2CCD3E4B23F5E0FD00D41BC3 /* Resources */ = {
			isa = PBXResourcesBuildPhase;
			buildActionMask = 2147483647;
			files = (
				2C402B61241EEDD3001D7F1F /* RecipesHits.json in Resources */,
			);
			runOnlyForDeploymentPostprocessing = 0;
		};
/* End PBXResourcesBuildPhase section */

/* Begin PBXShellScriptBuildPhase section */
		2C892A9623FDFB0600E786B2 /* Swiftlint */ = {
			isa = PBXShellScriptBuildPhase;
			buildActionMask = 2147483647;
			files = (
			);
			inputFileListPaths = (
			);
			inputPaths = (
			);
			name = Swiftlint;
			outputFileListPaths = (
			);
			outputPaths = (
			);
			runOnlyForDeploymentPostprocessing = 0;
			shellPath = /bin/sh;
			shellScript = "if which swiftlint >/dev/null; then\n  swiftlint\nelse\n  echo \"warning: SwiftLint not installed, download from https://github.com/realm/SwiftLint\"\nfi\n";
		};
		70BC0A20DCDC3661C0CD8944 /* [CP] Check Pods Manifest.lock */ = {
			isa = PBXShellScriptBuildPhase;
			buildActionMask = 2147483647;
			files = (
			);
			inputFileListPaths = (
			);
			inputPaths = (
				"${PODS_PODFILE_DIR_PATH}/Podfile.lock",
				"${PODS_ROOT}/Manifest.lock",
			);
			name = "[CP] Check Pods Manifest.lock";
			outputFileListPaths = (
			);
			outputPaths = (
				"$(DERIVED_FILE_DIR)/Pods-RecipleaseTests-checkManifestLockResult.txt",
			);
			runOnlyForDeploymentPostprocessing = 0;
			shellPath = /bin/sh;
			shellScript = "diff \"${PODS_PODFILE_DIR_PATH}/Podfile.lock\" \"${PODS_ROOT}/Manifest.lock\" > /dev/null\nif [ $? != 0 ] ; then\n    # print error to STDERR\n    echo \"error: The sandbox is not in sync with the Podfile.lock. Run 'pod install' or update your CocoaPods installation.\" >&2\n    exit 1\nfi\n# This output is used by Xcode 'outputs' to avoid re-running this script phase.\necho \"SUCCESS\" > \"${SCRIPT_OUTPUT_FILE_0}\"\n";
			showEnvVarsInLog = 0;
		};
		8959356EA5473596FAFDDF98 /* [CP] Check Pods Manifest.lock */ = {
			isa = PBXShellScriptBuildPhase;
			buildActionMask = 2147483647;
			files = (
			);
			inputFileListPaths = (
			);
			inputPaths = (
				"${PODS_PODFILE_DIR_PATH}/Podfile.lock",
				"${PODS_ROOT}/Manifest.lock",
			);
			name = "[CP] Check Pods Manifest.lock";
			outputFileListPaths = (
			);
			outputPaths = (
				"$(DERIVED_FILE_DIR)/Pods-Reciplease-checkManifestLockResult.txt",
			);
			runOnlyForDeploymentPostprocessing = 0;
			shellPath = /bin/sh;
			shellScript = "diff \"${PODS_PODFILE_DIR_PATH}/Podfile.lock\" \"${PODS_ROOT}/Manifest.lock\" > /dev/null\nif [ $? != 0 ] ; then\n    # print error to STDERR\n    echo \"error: The sandbox is not in sync with the Podfile.lock. Run 'pod install' or update your CocoaPods installation.\" >&2\n    exit 1\nfi\n# This output is used by Xcode 'outputs' to avoid re-running this script phase.\necho \"SUCCESS\" > \"${SCRIPT_OUTPUT_FILE_0}\"\n";
			showEnvVarsInLog = 0;
		};
		FF55B64DB2FC9CE43FE4727D /* [CP] Embed Pods Frameworks */ = {
			isa = PBXShellScriptBuildPhase;
			buildActionMask = 2147483647;
			files = (
			);
			inputFileListPaths = (
				"${PODS_ROOT}/Target Support Files/Pods-Reciplease/Pods-Reciplease-frameworks-${CONFIGURATION}-input-files.xcfilelist",
			);
			name = "[CP] Embed Pods Frameworks";
			outputFileListPaths = (
				"${PODS_ROOT}/Target Support Files/Pods-Reciplease/Pods-Reciplease-frameworks-${CONFIGURATION}-output-files.xcfilelist",
			);
			runOnlyForDeploymentPostprocessing = 0;
			shellPath = /bin/sh;
			shellScript = "\"${PODS_ROOT}/Target Support Files/Pods-Reciplease/Pods-Reciplease-frameworks.sh\"\n";
			showEnvVarsInLog = 0;
		};
/* End PBXShellScriptBuildPhase section */

/* Begin PBXSourcesBuildPhase section */
		2CCD3E2E23F5E0FB00D41BC3 /* Sources */ = {
			isa = PBXSourcesBuildPhase;
			buildActionMask = 2147483647;
			files = (
				2C90D34E2405E1C200B69BF4 /* TitleCell.swift in Sources */,
				2C61BB852406883C00E42F03 /* RecipleaseClient.swift in Sources */,
				2C4BFADB2401F867001609E1 /* ImageView.swift in Sources */,
				2C61BB8824068A2B00E42F03 /* RecipeData.swift in Sources */,
				2C515BA2241BDA8900F0F901 /* SearchButtonView.swift in Sources */,
				2C51BD292400446C006B9463 /* RecipeDetailsViewController.swift in Sources */,
				2C95D78D242053D000102EB7 /* CoreDataManager.swift in Sources */,
				2CF394312407F85C0046ED54 /* IngredientsListCell.swift in Sources */,
				2CCBF47324128FAF0091535E /* SelectedRecipe.swift in Sources */,
				2C402B67241F08DA001D7F1F /* RecipleaseSession.swift in Sources */,
				2C61BB902406C32600E42F03 /* SearchViewModel.swift in Sources */,
				2C9B34722400887E00348158 /* ShadowCardView.swift in Sources */,
				2CA5B2E6240D37DB006362E4 /* RecipeListViewModel.swift in Sources */,
				2CCD3E3C23F5E0FB00D41BC3 /* RecipeListTableViewController.swift in Sources */,
				2C9B3476240090A900348158 /* UIView+.swift in Sources */,
				2CCF837924095DAA009E3C34 /* String+.swift in Sources */,
				2C4D1EFA241001D6006A9753 /* UITableView+.swift in Sources */,
				2CCD3E4223F5E0FB00D41BC3 /* Reciplease.xcdatamodeld in Sources */,
				2C90D34C2405856000B69BF4 /* FavoriteCell.swift in Sources */,
				2CF3942F2407F7890046ED54 /* RecipePTKCell.swift in Sources */,
				2C5D8270240E9E5700AF697D /* FavoritesCoordinator.swift in Sources */,
				2C9B347A2400998C00348158 /* ButtonView.swift in Sources */,
				2C61BB8E2406B25400E42F03 /* NetWorkError.swift in Sources */,
				2C5D8266240E95F500AF697D /* MainTabBarController.swift in Sources */,
				2CF394282407ECA80046ED54 /* IngredientCell.swift in Sources */,
				2C4D1EFE2410121F006A9753 /* RecipeDetailsViewModel.swift in Sources */,
				2CF3942C2407F4FB0046ED54 /* RecipeListCell.swift in Sources */,
				2CCD3E3623F5E0FB00D41BC3 /* AppDelegate.swift in Sources */,
				2CC6D21D24088111007E7C5B /* UIViewController+.swift in Sources */,
				2C5D826E240E994300AF697D /* SearchCoordinator.swift in Sources */,
				2C4D1EFC2410025B006A9753 /* FavoriteViewModel.swift in Sources */,
				2C51BD2E24004994006B9463 /* FavoritesTableViewController.swift in Sources */,
				2CF4BCA824006F46003A599A /* SearchViewController.swift in Sources */,
				2C95D78B24204E3E00102EB7 /* CoreDataStack.swift in Sources */,
				2C5D8268240E963C00AF697D /* Storyboarded.swift in Sources */,
			);
			runOnlyForDeploymentPostprocessing = 0;
		};
		2CCD3E4923F5E0FD00D41BC3 /* Sources */ = {
			isa = PBXSourcesBuildPhase;
			buildActionMask = 2147483647;
			files = (
				2C402B63241EEE41001D7F1F /* FakeResponseData.swift in Sources */,
				2C402B65241EFDBE001D7F1F /* SessionFake.swift in Sources */,
				2CCD3E5223F5E0FD00D41BC3 /* RecipeDetailsViewModelTests.swift in Sources */,
				2C402B5D241EC23A001D7F1F /* FavoriteViewModelTests.swift in Sources */,
				2C95D78F2420559700102EB7 /* MockCoreDataStack.swift in Sources */,
				2C402B5F241EC2A4001D7F1F /* RecipeListViewModelTests.swift in Sources */,
				2C402B5B241EC09E001D7F1F /* SearchViewModelTests.swift in Sources */,
			);
			runOnlyForDeploymentPostprocessing = 0;
		};
/* End PBXSourcesBuildPhase section */

/* Begin PBXTargetDependency section */
		2CCD3E4F23F5E0FD00D41BC3 /* PBXTargetDependency */ = {
			isa = PBXTargetDependency;
			target = 2CCD3E3123F5E0FB00D41BC3 /* Reciplease */;
			targetProxy = 2CCD3E4E23F5E0FD00D41BC3 /* PBXContainerItemProxy */;
		};
/* End PBXTargetDependency section */

/* Begin PBXVariantGroup section */
		2CCD3E3D23F5E0FB00D41BC3 /* Main.storyboard */ = {
			isa = PBXVariantGroup;
			children = (
				2CCD3E3E23F5E0FB00D41BC3 /* Base */,
			);
			name = Main.storyboard;
			sourceTree = "<group>";
		};
		2CCD3E4523F5E0FD00D41BC3 /* LaunchScreen.storyboard */ = {
			isa = PBXVariantGroup;
			children = (
				2CCD3E4623F5E0FD00D41BC3 /* Base */,
			);
			name = LaunchScreen.storyboard;
			sourceTree = "<group>";
		};
/* End PBXVariantGroup section */

/* Begin XCBuildConfiguration section */
		2CCD3E5423F5E0FD00D41BC3 /* Debug */ = {
			isa = XCBuildConfiguration;
			buildSettings = {
				ALWAYS_SEARCH_USER_PATHS = NO;
				CLANG_ANALYZER_NONNULL = YES;
				CLANG_ANALYZER_NUMBER_OBJECT_CONVERSION = YES_AGGRESSIVE;
				CLANG_CXX_LANGUAGE_STANDARD = "gnu++14";
				CLANG_CXX_LIBRARY = "libc++";
				CLANG_ENABLE_MODULES = YES;
				CLANG_ENABLE_OBJC_ARC = YES;
				CLANG_ENABLE_OBJC_WEAK = YES;
				CLANG_WARN_BLOCK_CAPTURE_AUTORELEASING = YES;
				CLANG_WARN_BOOL_CONVERSION = YES;
				CLANG_WARN_COMMA = YES;
				CLANG_WARN_CONSTANT_CONVERSION = YES;
				CLANG_WARN_DEPRECATED_OBJC_IMPLEMENTATIONS = YES;
				CLANG_WARN_DIRECT_OBJC_ISA_USAGE = YES_ERROR;
				CLANG_WARN_DOCUMENTATION_COMMENTS = YES;
				CLANG_WARN_EMPTY_BODY = YES;
				CLANG_WARN_ENUM_CONVERSION = YES;
				CLANG_WARN_INFINITE_RECURSION = YES;
				CLANG_WARN_INT_CONVERSION = YES;
				CLANG_WARN_NON_LITERAL_NULL_CONVERSION = YES;
				CLANG_WARN_OBJC_IMPLICIT_RETAIN_SELF = YES;
				CLANG_WARN_OBJC_LITERAL_CONVERSION = YES;
				CLANG_WARN_OBJC_ROOT_CLASS = YES_ERROR;
				CLANG_WARN_RANGE_LOOP_ANALYSIS = YES;
				CLANG_WARN_STRICT_PROTOTYPES = YES;
				CLANG_WARN_SUSPICIOUS_MOVE = YES;
				CLANG_WARN_UNGUARDED_AVAILABILITY = YES_AGGRESSIVE;
				CLANG_WARN_UNREACHABLE_CODE = YES;
				CLANG_WARN__DUPLICATE_METHOD_MATCH = YES;
				COPY_PHASE_STRIP = NO;
				DEBUG_INFORMATION_FORMAT = dwarf;
				ENABLE_STRICT_OBJC_MSGSEND = YES;
				ENABLE_TESTABILITY = YES;
				GCC_C_LANGUAGE_STANDARD = gnu11;
				GCC_DYNAMIC_NO_PIC = NO;
				GCC_NO_COMMON_BLOCKS = YES;
				GCC_OPTIMIZATION_LEVEL = 0;
				GCC_PREPROCESSOR_DEFINITIONS = (
					"DEBUG=1",
					"$(inherited)",
				);
				GCC_WARN_64_TO_32_BIT_CONVERSION = YES;
				GCC_WARN_ABOUT_RETURN_TYPE = YES_ERROR;
				GCC_WARN_UNDECLARED_SELECTOR = YES;
				GCC_WARN_UNINITIALIZED_AUTOS = YES_AGGRESSIVE;
				GCC_WARN_UNUSED_FUNCTION = YES;
				GCC_WARN_UNUSED_VARIABLE = YES;
				IPHONEOS_DEPLOYMENT_TARGET = 13.0;
				MTL_ENABLE_DEBUG_INFO = INCLUDE_SOURCE;
				MTL_FAST_MATH = YES;
				ONLY_ACTIVE_ARCH = YES;
				SDKROOT = iphoneos;
				SWIFT_ACTIVE_COMPILATION_CONDITIONS = DEBUG;
				SWIFT_OPTIMIZATION_LEVEL = "-Onone";
			};
			name = Debug;
		};
		2CCD3E5523F5E0FD00D41BC3 /* Release */ = {
			isa = XCBuildConfiguration;
			buildSettings = {
				ALWAYS_SEARCH_USER_PATHS = NO;
				CLANG_ANALYZER_NONNULL = YES;
				CLANG_ANALYZER_NUMBER_OBJECT_CONVERSION = YES_AGGRESSIVE;
				CLANG_CXX_LANGUAGE_STANDARD = "gnu++14";
				CLANG_CXX_LIBRARY = "libc++";
				CLANG_ENABLE_MODULES = YES;
				CLANG_ENABLE_OBJC_ARC = YES;
				CLANG_ENABLE_OBJC_WEAK = YES;
				CLANG_WARN_BLOCK_CAPTURE_AUTORELEASING = YES;
				CLANG_WARN_BOOL_CONVERSION = YES;
				CLANG_WARN_COMMA = YES;
				CLANG_WARN_CONSTANT_CONVERSION = YES;
				CLANG_WARN_DEPRECATED_OBJC_IMPLEMENTATIONS = YES;
				CLANG_WARN_DIRECT_OBJC_ISA_USAGE = YES_ERROR;
				CLANG_WARN_DOCUMENTATION_COMMENTS = YES;
				CLANG_WARN_EMPTY_BODY = YES;
				CLANG_WARN_ENUM_CONVERSION = YES;
				CLANG_WARN_INFINITE_RECURSION = YES;
				CLANG_WARN_INT_CONVERSION = YES;
				CLANG_WARN_NON_LITERAL_NULL_CONVERSION = YES;
				CLANG_WARN_OBJC_IMPLICIT_RETAIN_SELF = YES;
				CLANG_WARN_OBJC_LITERAL_CONVERSION = YES;
				CLANG_WARN_OBJC_ROOT_CLASS = YES_ERROR;
				CLANG_WARN_RANGE_LOOP_ANALYSIS = YES;
				CLANG_WARN_STRICT_PROTOTYPES = YES;
				CLANG_WARN_SUSPICIOUS_MOVE = YES;
				CLANG_WARN_UNGUARDED_AVAILABILITY = YES_AGGRESSIVE;
				CLANG_WARN_UNREACHABLE_CODE = YES;
				CLANG_WARN__DUPLICATE_METHOD_MATCH = YES;
				COPY_PHASE_STRIP = NO;
				DEBUG_INFORMATION_FORMAT = "dwarf-with-dsym";
				ENABLE_NS_ASSERTIONS = NO;
				ENABLE_STRICT_OBJC_MSGSEND = YES;
				GCC_C_LANGUAGE_STANDARD = gnu11;
				GCC_NO_COMMON_BLOCKS = YES;
				GCC_WARN_64_TO_32_BIT_CONVERSION = YES;
				GCC_WARN_ABOUT_RETURN_TYPE = YES_ERROR;
				GCC_WARN_UNDECLARED_SELECTOR = YES;
				GCC_WARN_UNINITIALIZED_AUTOS = YES_AGGRESSIVE;
				GCC_WARN_UNUSED_FUNCTION = YES;
				GCC_WARN_UNUSED_VARIABLE = YES;
				IPHONEOS_DEPLOYMENT_TARGET = 13.0;
				MTL_ENABLE_DEBUG_INFO = NO;
				MTL_FAST_MATH = YES;
				SDKROOT = iphoneos;
				SWIFT_COMPILATION_MODE = wholemodule;
				SWIFT_OPTIMIZATION_LEVEL = "-O";
				VALIDATE_PRODUCT = YES;
			};
			name = Release;
		};
		2CCD3E5723F5E0FD00D41BC3 /* Debug */ = {
			isa = XCBuildConfiguration;
			baseConfigurationReference = B8504E4713497617CA1AC72E /* Pods-Reciplease.debug.xcconfig */;
			buildSettings = {
				ASSETCATALOG_COMPILER_APPICON_NAME = AppIcon;
				CODE_SIGN_STYLE = Automatic;
				DEVELOPMENT_TEAM = B27HT7JX8Q;
				INFOPLIST_FILE = Reciplease/Info.plist;
				IPHONEOS_DEPLOYMENT_TARGET = 13.0;
				LD_RUNPATH_SEARCH_PATHS = (
					"$(inherited)",
					"@executable_path/Frameworks",
				);
				PRODUCT_BUNDLE_IDENTIFIER = io.fabricetiennette.Reciplease;
				PRODUCT_NAME = "$(TARGET_NAME)";
				SWIFT_VERSION = 5.0;
				TARGETED_DEVICE_FAMILY = 1;
			};
			name = Debug;
		};
		2CCD3E5823F5E0FD00D41BC3 /* Release */ = {
			isa = XCBuildConfiguration;
			baseConfigurationReference = E47712AC528C9D35BA747268 /* Pods-Reciplease.release.xcconfig */;
			buildSettings = {
				ASSETCATALOG_COMPILER_APPICON_NAME = AppIcon;
				CODE_SIGN_STYLE = Automatic;
				DEVELOPMENT_TEAM = B27HT7JX8Q;
				INFOPLIST_FILE = Reciplease/Info.plist;
				IPHONEOS_DEPLOYMENT_TARGET = 13.0;
				LD_RUNPATH_SEARCH_PATHS = (
					"$(inherited)",
					"@executable_path/Frameworks",
				);
				PRODUCT_BUNDLE_IDENTIFIER = io.fabricetiennette.Reciplease;
				PRODUCT_NAME = "$(TARGET_NAME)";
				SWIFT_VERSION = 5.0;
				TARGETED_DEVICE_FAMILY = 1;
			};
			name = Release;
		};
		2CCD3E5A23F5E0FD00D41BC3 /* Debug */ = {
			isa = XCBuildConfiguration;
			baseConfigurationReference = DF3A6346C032470069BAC740 /* Pods-RecipleaseTests.debug.xcconfig */;
			buildSettings = {
				ALWAYS_EMBED_SWIFT_STANDARD_LIBRARIES = YES;
				BUNDLE_LOADER = "$(TEST_HOST)";
				CODE_SIGN_STYLE = Automatic;
				DEVELOPMENT_TEAM = B27HT7JX8Q;
				INFOPLIST_FILE = RecipleaseTests/Info.plist;
				IPHONEOS_DEPLOYMENT_TARGET = 13.0;
				LD_RUNPATH_SEARCH_PATHS = (
					"$(inherited)",
					"@executable_path/Frameworks",
					"@loader_path/Frameworks",
				);
				PRODUCT_BUNDLE_IDENTIFIER = io.fabricetiennette.RecipleaseTests;
				PRODUCT_NAME = "$(TARGET_NAME)";
				SWIFT_VERSION = 5.0;
				TARGETED_DEVICE_FAMILY = "1,2";
				TEST_HOST = "$(BUILT_PRODUCTS_DIR)/Reciplease.app/Reciplease";
				TVOS_DEPLOYMENT_TARGET = 13.0;
			};
			name = Debug;
		};
		2CCD3E5B23F5E0FD00D41BC3 /* Release */ = {
			isa = XCBuildConfiguration;
			baseConfigurationReference = A62162AEE057B162B2E59270 /* Pods-RecipleaseTests.release.xcconfig */;
			buildSettings = {
				ALWAYS_EMBED_SWIFT_STANDARD_LIBRARIES = YES;
				BUNDLE_LOADER = "$(TEST_HOST)";
				CODE_SIGN_STYLE = Automatic;
				DEVELOPMENT_TEAM = B27HT7JX8Q;
				INFOPLIST_FILE = RecipleaseTests/Info.plist;
				IPHONEOS_DEPLOYMENT_TARGET = 13.0;
				LD_RUNPATH_SEARCH_PATHS = (
					"$(inherited)",
					"@executable_path/Frameworks",
					"@loader_path/Frameworks",
				);
				PRODUCT_BUNDLE_IDENTIFIER = io.fabricetiennette.RecipleaseTests;
				PRODUCT_NAME = "$(TARGET_NAME)";
				SWIFT_VERSION = 5.0;
				TARGETED_DEVICE_FAMILY = "1,2";
				TEST_HOST = "$(BUILT_PRODUCTS_DIR)/Reciplease.app/Reciplease";
				TVOS_DEPLOYMENT_TARGET = 13.0;
			};
			name = Release;
		};
/* End XCBuildConfiguration section */

/* Begin XCConfigurationList section */
		2CCD3E2D23F5E0FB00D41BC3 /* Build configuration list for PBXProject "Reciplease" */ = {
			isa = XCConfigurationList;
			buildConfigurations = (
				2CCD3E5423F5E0FD00D41BC3 /* Debug */,
				2CCD3E5523F5E0FD00D41BC3 /* Release */,
			);
			defaultConfigurationIsVisible = 0;
			defaultConfigurationName = Release;
		};
		2CCD3E5623F5E0FD00D41BC3 /* Build configuration list for PBXNativeTarget "Reciplease" */ = {
			isa = XCConfigurationList;
			buildConfigurations = (
				2CCD3E5723F5E0FD00D41BC3 /* Debug */,
				2CCD3E5823F5E0FD00D41BC3 /* Release */,
			);
			defaultConfigurationIsVisible = 0;
			defaultConfigurationName = Release;
		};
		2CCD3E5923F5E0FD00D41BC3 /* Build configuration list for PBXNativeTarget "RecipleaseTests" */ = {
			isa = XCConfigurationList;
			buildConfigurations = (
				2CCD3E5A23F5E0FD00D41BC3 /* Debug */,
				2CCD3E5B23F5E0FD00D41BC3 /* Release */,
			);
			defaultConfigurationIsVisible = 0;
			defaultConfigurationName = Release;
		};
/* End XCConfigurationList section */

/* Begin XCVersionGroup section */
		2CCD3E4023F5E0FB00D41BC3 /* Reciplease.xcdatamodeld */ = {
			isa = XCVersionGroup;
			children = (
				2CCD3E4123F5E0FB00D41BC3 /* Reciplease.xcdatamodel */,
			);
			currentVersion = 2CCD3E4123F5E0FB00D41BC3 /* Reciplease.xcdatamodel */;
			path = Reciplease.xcdatamodeld;
			sourceTree = "<group>";
			versionGroupType = wrapper.xcdatamodel;
		};
/* End XCVersionGroup section */
	};
	rootObject = 2CCD3E2A23F5E0FB00D41BC3 /* Project object */;
}
